
Microsoft Visual Studio Solution File, Format Version 12.00
# Visual Studio 15
VisualStudioVersion = 15.0.27130.2010
MinimumVisualStudioVersion = 10.0.40219.1
Project("{8BC9CEB8-8B4A-11D0-8D11-00A0C91BC942}") = "PeerNet", "PeerNet\PeerNet.vcxproj", "{BF1491FC-4B94-4641-8A2C-99B4EA7E28BB}"
EndProject
Project("{8BC9CEB8-8B4A-11D0-8D11-00A0C91BC942}") = "ExPeer", "ExPeer\ExPeer.vcxproj", "{CDB975A0-10DD-464D-98C4-3216F2B8FF4B}"
EndProject
Project("{8BC9CEB8-8B4A-11D0-8D11-00A0C91BC942}") = "ExSimple", "ExSimple\ExSimple.vcxproj", "{B6581C79-44FD-407F-992F-7EB50123DDAE}"
EndProject
Global
	GlobalSection(SolutionConfigurationPlatforms) = preSolution
		Debug|x64 = Debug|x64
		Debug|x86 = Debug|x86
		Release|x64 = Release|x64
		Release|x86 = Release|x86
	EndGlobalSection
	GlobalSection(ProjectConfigurationPlatforms) = postSolution
		{BF1491FC-4B94-4641-8A2C-99B4EA7E28BB}.Debug|x64.ActiveCfg = Debug|x64
		{BF1491FC-4B94-4641-8A2C-99B4EA7E28BB}.Debug|x86.ActiveCfg = Debug|Win32
		{BF1491FC-4B94-4641-8A2C-99B4EA7E28BB}.Debug|x86.Build.0 = Debug|Win32
		{BF1491FC-4B94-4641-8A2C-99B4EA7E28BB}.Release|x64.ActiveCfg = Release|x64
		{BF1491FC-4B94-4641-8A2C-99B4EA7E28BB}.Release|x86.ActiveCfg = Release|Win32
		{BF1491FC-4B94-4641-8A2C-99B4EA7E28BB}.Release|x86.Build.0 = Release|Win32
		{CDB975A0-10DD-464D-98C4-3216F2B8FF4B}.Debug|x64.ActiveCfg = Debug|x64
		{CDB975A0-10DD-464D-98C4-3216F2B8FF4B}.Debug|x64.Build.0 = Debug|x64
		{CDB975A0-10DD-464D-98C4-3216F2B8FF4B}.Debug|x86.ActiveCfg = Debug|Win32
		{CDB975A0-10DD-464D-98C4-3216F2B8FF4B}.Debug|x86.Build.0 = Debug|Win32
		{CDB975A0-10DD-464D-98C4-3216F2B8FF4B}.Release|x64.ActiveCfg = Release|x64
		{CDB975A0-10DD-464D-98C4-3216F2B8FF4B}.Release|x64.Build.0 = Release|x64
		{CDB975A0-10DD-464D-98C4-3216F2B8FF4B}.Release|x86.ActiveCfg = Release|Win32
		{CDB975A0-10DD-464D-98C4-3216F2B8FF4B}.Release|x86.Build.0 = Release|Win32
		{B6581C79-44FD-407F-992F-7EB50123DDAE}.Debug|x64.ActiveCfg = Debug|x64
		{B6581C79-44FD-407F-992F-7EB50123DDAE}.Debug|x64.Build.0 = Debug|x64
		{B6581C79-44FD-407F-992F-7EB50123DDAE}.Debug|x86.ActiveCfg = Debug|Win32
		{B6581C79-44FD-407F-992F-7EB50123DDAE}.Debug|x86.Build.0 = Debug|Win32
		{B6581C79-44FD-407F-992F-7EB50123DDAE}.Release|x64.ActiveCfg = Release|x64
		{B6581C79-44FD-407F-992F-7EB50123DDAE}.Release|x64.Build.0 = Release|x64
		{B6581C79-44FD-407F-992F-7EB50123DDAE}.Release|x86.ActiveCfg = Release|Win32
		{B6581C79-44FD-407F-992F-7EB50123DDAE}.Release|x86.Build.0 = Release|Win32
	EndGlobalSection
	GlobalSection(SolutionProperties) = preSolution
		HideSolutionNode = FALSE
	EndGlobalSection
	GlobalSection(ExtensibilityGlobals) = postSolution
		SolutionGuid = {3E1A7B14-914C-48D2-B7D9-F94D0A1C5631}
	EndGlobalSection
EndGlobal
