
Microsoft Visual Studio Solution File, Format Version 12.00
# Visual Studio 15
VisualStudioVersion = 15.0.26430.16
MinimumVisualStudioVersion = 10.0.40219.1
Project("{8BC9CEB8-8B4A-11D0-8D11-00A0C91BC942}") = "PeerNet", "PeerNet\PeerNet.vcxproj", "{BF1491FC-4B94-4641-8A2C-99B4EA7E28BB}"
EndProject
Project("{8BC9CEB8-8B4A-11D0-8D11-00A0C91BC942}") = "ExPeer", "ExPeer\ExPeer.vcxproj", "{CDB975A0-10DD-464D-98C4-3216F2B8FF4B}"
	ProjectSection(ProjectDependencies) = postProject
		{BF1491FC-4B94-4641-8A2C-99B4EA7E28BB} = {BF1491FC-4B94-4641-8A2C-99B4EA7E28BB}
	EndProjectSection
EndProject
Project("{8BC9CEB8-8B4A-11D0-8D11-00A0C91BC942}") = "ExPeerUWP", "ExPeerUWP\ExPeerUWP.vcxproj", "{F987089C-E576-40A7-91D1-E6F25A13A5A6}"
	ProjectSection(ProjectDependencies) = postProject
		{BF1491FC-4B94-4641-8A2C-99B4EA7E28BB} = {BF1491FC-4B94-4641-8A2C-99B4EA7E28BB}
	EndProjectSection
EndProject
Global
	GlobalSection(SolutionConfigurationPlatforms) = preSolution
		Debug|ARM = Debug|ARM
		Debug|x64 = Debug|x64
		Debug|x86 = Debug|x86
		Release|ARM = Release|ARM
		Release|x64 = Release|x64
		Release|x86 = Release|x86
	EndGlobalSection
	GlobalSection(ProjectConfigurationPlatforms) = postSolution
		{BF1491FC-4B94-4641-8A2C-99B4EA7E28BB}.Debug|ARM.ActiveCfg = Debug|Win32
		{BF1491FC-4B94-4641-8A2C-99B4EA7E28BB}.Debug|x64.ActiveCfg = Debug|x64
		{BF1491FC-4B94-4641-8A2C-99B4EA7E28BB}.Debug|x64.Build.0 = Debug|x64
		{BF1491FC-4B94-4641-8A2C-99B4EA7E28BB}.Debug|x86.ActiveCfg = Debug|Win32
		{BF1491FC-4B94-4641-8A2C-99B4EA7E28BB}.Debug|x86.Build.0 = Debug|Win32
		{BF1491FC-4B94-4641-8A2C-99B4EA7E28BB}.Release|ARM.ActiveCfg = Release|Win32
		{BF1491FC-4B94-4641-8A2C-99B4EA7E28BB}.Release|x64.ActiveCfg = Release|x64
		{BF1491FC-4B94-4641-8A2C-99B4EA7E28BB}.Release|x64.Build.0 = Release|x64
		{BF1491FC-4B94-4641-8A2C-99B4EA7E28BB}.Release|x86.ActiveCfg = Release|Win32
		{BF1491FC-4B94-4641-8A2C-99B4EA7E28BB}.Release|x86.Build.0 = Release|Win32
		{CDB975A0-10DD-464D-98C4-3216F2B8FF4B}.Debug|ARM.ActiveCfg = Debug|Win32
		{CDB975A0-10DD-464D-98C4-3216F2B8FF4B}.Debug|x64.ActiveCfg = Debug|x64
		{CDB975A0-10DD-464D-98C4-3216F2B8FF4B}.Debug|x64.Build.0 = Debug|x64
		{CDB975A0-10DD-464D-98C4-3216F2B8FF4B}.Debug|x86.ActiveCfg = Debug|Win32
		{CDB975A0-10DD-464D-98C4-3216F2B8FF4B}.Debug|x86.Build.0 = Debug|Win32
		{CDB975A0-10DD-464D-98C4-3216F2B8FF4B}.Release|ARM.ActiveCfg = Release|Win32
		{CDB975A0-10DD-464D-98C4-3216F2B8FF4B}.Release|x64.ActiveCfg = Release|x64
		{CDB975A0-10DD-464D-98C4-3216F2B8FF4B}.Release|x64.Build.0 = Release|x64
		{CDB975A0-10DD-464D-98C4-3216F2B8FF4B}.Release|x86.ActiveCfg = Release|Win32
		{CDB975A0-10DD-464D-98C4-3216F2B8FF4B}.Release|x86.Build.0 = Release|Win32
		{F987089C-E576-40A7-91D1-E6F25A13A5A6}.Debug|ARM.ActiveCfg = Debug|ARM
		{F987089C-E576-40A7-91D1-E6F25A13A5A6}.Debug|ARM.Build.0 = Debug|ARM
		{F987089C-E576-40A7-91D1-E6F25A13A5A6}.Debug|ARM.Deploy.0 = Debug|ARM
		{F987089C-E576-40A7-91D1-E6F25A13A5A6}.Debug|x64.ActiveCfg = Debug|x64
		{F987089C-E576-40A7-91D1-E6F25A13A5A6}.Debug|x64.Build.0 = Debug|x64
		{F987089C-E576-40A7-91D1-E6F25A13A5A6}.Debug|x64.Deploy.0 = Debug|x64
		{F987089C-E576-40A7-91D1-E6F25A13A5A6}.Debug|x86.ActiveCfg = Debug|Win32
		{F987089C-E576-40A7-91D1-E6F25A13A5A6}.Debug|x86.Build.0 = Debug|Win32
		{F987089C-E576-40A7-91D1-E6F25A13A5A6}.Debug|x86.Deploy.0 = Debug|Win32
		{F987089C-E576-40A7-91D1-E6F25A13A5A6}.Release|ARM.ActiveCfg = Release|ARM
		{F987089C-E576-40A7-91D1-E6F25A13A5A6}.Release|ARM.Build.0 = Release|ARM
		{F987089C-E576-40A7-91D1-E6F25A13A5A6}.Release|ARM.Deploy.0 = Release|ARM
		{F987089C-E576-40A7-91D1-E6F25A13A5A6}.Release|x64.ActiveCfg = Release|x64
		{F987089C-E576-40A7-91D1-E6F25A13A5A6}.Release|x64.Build.0 = Release|x64
		{F987089C-E576-40A7-91D1-E6F25A13A5A6}.Release|x64.Deploy.0 = Release|x64
		{F987089C-E576-40A7-91D1-E6F25A13A5A6}.Release|x86.ActiveCfg = Release|Win32
		{F987089C-E576-40A7-91D1-E6F25A13A5A6}.Release|x86.Build.0 = Release|Win32
		{F987089C-E576-40A7-91D1-E6F25A13A5A6}.Release|x86.Deploy.0 = Release|Win32
	EndGlobalSection
	GlobalSection(SolutionProperties) = preSolution
		HideSolutionNode = FALSE
	EndGlobalSection
EndGlobal
