<?xml version="1.0" encoding="utf-8"?>
<Project ToolsVersion="4.0" xmlns="http://schemas.microsoft.com/developer/msbuild/2003">
  <ItemGroup>
    <Filter Include="Source Files">
      <UniqueIdentifier>{4FC737F1-C7A5-4376-A066-2A32D752A2FF}</UniqueIdentifier>
      <Extensions>cpp;c;cc;cxx;def;odl;idl;hpj;bat;asm;asmx</Extensions>
    </Filter>
    <Filter Include="Header Files">
      <UniqueIdentifier>{93995380-89BD-4b04-88EB-625FBE52EBFB}</UniqueIdentifier>
      <Extensions>h;hh;hpp;hxx;hm;inl;inc;xsd</Extensions>
    </Filter>
    <Filter Include="ZStd">
      <UniqueIdentifier>{67882f86-ac9d-4dd1-9baa-d35977c3df0e}</UniqueIdentifier>
    </Filter>
  </ItemGroup>
  <ItemGroup>
    <ClInclude Include="PeerNet.h">
      <Filter>Header Files</Filter>
    </ClInclude>
    <ClInclude Include="NetPacket.h">
      <Filter>Header Files</Filter>
    </ClInclude>
    <ClInclude Include="NetPeer.h">
      <Filter>Header Files</Filter>
    </ClInclude>
    <ClInclude Include="ThreadPool.hpp">
      <Filter>Header Files</Filter>
    </ClInclude>
    <ClInclude Include="NetAddress.hpp">
      <Filter>Header Files</Filter>
    </ClInclude>
    <ClInclude Include="NetSocket.h">
      <Filter>Header Files</Filter>
    </ClInclude>
    <ClInclude Include="TimedEvent.hpp">
      <Filter>Header Files</Filter>
    </ClInclude>
    <ClInclude Include="OrderedSequence.hpp">
      <Filter>Header Files</Filter>
    </ClInclude>
    <ClInclude Include="Channel_Unreliable.hpp">
      <Filter>Header Files</Filter>
    </ClInclude>
    <ClInclude Include="Channel_Reliable.hpp">
      <Filter>Header Files</Filter>
    </ClInclude>
    <ClInclude Include="Channel_Ordered.hpp">
      <Filter>Header Files</Filter>
    </ClInclude>
    <ClInclude Include="Channel.hpp">
      <Filter>Header Files</Filter>
    </ClInclude>
    <ClInclude Include="Channel_KeepAlive.hpp">
      <Filter>Header Files</Filter>
    </ClInclude>
    <ClInclude Include="zstd\common\bitstream.h">
      <Filter>ZStd</Filter>
    </ClInclude>
    <ClInclude Include="zstd\common\error_private.h">
      <Filter>ZStd</Filter>
    </ClInclude>
    <ClInclude Include="zstd\common\fse.h">
      <Filter>ZStd</Filter>
    </ClInclude>
    <ClInclude Include="zstd\common\huf.h">
      <Filter>ZStd</Filter>
    </ClInclude>
    <ClInclude Include="zstd\common\mem.h">
      <Filter>ZStd</Filter>
    </ClInclude>
    <ClInclude Include="zstd\common\xxhash.h">
      <Filter>ZStd</Filter>
    </ClInclude>
    <ClInclude Include="zstd\common\zbuff.h">
      <Filter>ZStd</Filter>
    </ClInclude>
    <ClInclude Include="zstd\common\zstd_errors.h">
      <Filter>ZStd</Filter>
    </ClInclude>
    <ClInclude Include="zstd\common\zstd_internal.h">
      <Filter>ZStd</Filter>
    </ClInclude>
    <ClInclude Include="zstd\compress\zstd_opt.h">
      <Filter>ZStd</Filter>
    </ClInclude>
    <ClInclude Include="zstd\dictBuilder\divsufsort.h">
      <Filter>ZStd</Filter>
    </ClInclude>
    <ClInclude Include="zstd\dictBuilder\zdict.h">
      <Filter>ZStd</Filter>
    </ClInclude>
    <ClInclude Include="zstd\zstd.h">
      <Filter>ZStd</Filter>
    </ClInclude>
  </ItemGroup>
  <ItemGroup>
    <ClCompile Include="PeerNet.cpp">
      <Filter>Source Files</Filter>
    </ClCompile>
    <ClCompile Include="NetPeer.cpp">
      <Filter>Source Files</Filter>
    </ClCompile>
    <ClCompile Include="NetSocket.cpp">
      <Filter>Source Files</Filter>
    </ClCompile>
    <ClCompile Include="zstd\common\entropy_common.c">
      <Filter>ZStd</Filter>
    </ClCompile>
    <ClCompile Include="zstd\common\error_private.c">
      <Filter>ZStd</Filter>
    </ClCompile>
    <ClCompile Include="zstd\common\fse_decompress.c">
      <Filter>ZStd</Filter>
    </ClCompile>
    <ClCompile Include="zstd\common\xxhash.c">
      <Filter>ZStd</Filter>
    </ClCompile>
    <ClCompile Include="zstd\common\zstd_common.c">
      <Filter>ZStd</Filter>
    </ClCompile>
    <ClCompile Include="zstd\compress\fse_compress.c">
      <Filter>ZStd</Filter>
    </ClCompile>
    <ClCompile Include="zstd\compress\huf_compress.c">
      <Filter>ZStd</Filter>
    </ClCompile>
    <ClCompile Include="zstd\compress\zbuff_compress.c">
      <Filter>ZStd</Filter>
    </ClCompile>
    <ClCompile Include="zstd\compress\zstd_compress.c">
      <Filter>ZStd</Filter>
    </ClCompile>
    <ClCompile Include="zstd\decompress\huf_decompress.c">
      <Filter>ZStd</Filter>
    </ClCompile>
    <ClCompile Include="zstd\decompress\zbuff_decompress.c">
      <Filter>ZStd</Filter>
    </ClCompile>
    <ClCompile Include="zstd\decompress\zstd_decompress.c">
      <Filter>ZStd</Filter>
    </ClCompile>
    <ClCompile Include="zstd\dictBuilder\divsufsort.c">
      <Filter>ZStd</Filter>
    </ClCompile>
    <ClCompile Include="zstd\dictBuilder\zdict.c">
      <Filter>ZStd</Filter>
    </ClCompile>
  </ItemGroup>
</Project>