<?xml version="1.0" encoding="utf-8"?>
<Project ToolsVersion="4.0" xmlns="http://schemas.microsoft.com/developer/msbuild/2003">
  <ItemGroup>
    <Filter Include="Header Files">
      <UniqueIdentifier>{93995380-89BD-4b04-88EB-625FBE52EBFB}</UniqueIdentifier>
      <Extensions>h;hh;hpp;hxx;hm;inl;inc;xsd</Extensions>
    </Filter>
  </ItemGroup>
  <ItemGroup>
    <ClInclude Include="ThreadPool.hpp">
      <Filter>Header Files</Filter>
    </ClInclude>
    <ClInclude Include="NetAddress.hpp">
      <Filter>Header Files</Filter>
    </ClInclude>
    <ClInclude Include="TimedEvent.hpp">
      <Filter>Header Files</Filter>
    </ClInclude>
    <ClInclude Include="Channel_Unreliable.hpp">
      <Filter>Header Files</Filter>
    </ClInclude>
    <ClInclude Include="Channel_Reliable.hpp">
      <Filter>Header Files</Filter>
    </ClInclude>
    <ClInclude Include="Channel_Ordered.hpp">
      <Filter>Header Files</Filter>
    </ClInclude>
    <ClInclude Include="Channel_KeepAlive.hpp">
      <Filter>Header Files</Filter>
    </ClInclude>
    <ClInclude Include="NetPacket.hpp">
      <Filter>Header Files</Filter>
    </ClInclude>
    <ClInclude Include="NetPeer.hpp">
      <Filter>Header Files</Filter>
    </ClInclude>
    <ClInclude Include="NetSocket.hpp">
      <Filter>Header Files</Filter>
    </ClInclude>
    <ClInclude Include="PeerNet.hpp">
      <Filter>Header Files</Filter>
    </ClInclude>
    <ClInclude Include="ThreadPoolReceive.hpp">
      <Filter>Header Files</Filter>
    </ClInclude>
  </ItemGroup>
  <ItemGroup>
    <ClCompile Include="PeerNet.cpp">
      <Filter>Header Files</Filter>
    </ClCompile>
  </ItemGroup>
</Project>